// !$*UTF8*$!
{
	archiveVersion = 1;
	classes = {
	};
	objectVersion = 46;
	objects = {

/* Begin PBXBuildFile section */
		8B1CC4DB1B4176FA009BA6BF /* AppDelegate.swift in Sources */ = {isa = PBXBuildFile; fileRef = 8B1CC4DA1B4176FA009BA6BF /* AppDelegate.swift */; };
		8B1CC4DD1B4176FA009BA6BF /* ViewController.swift in Sources */ = {isa = PBXBuildFile; fileRef = 8B1CC4DC1B4176FA009BA6BF /* ViewController.swift */; };
		8B1CC4E01B4176FA009BA6BF /* Main.storyboard in Resources */ = {isa = PBXBuildFile; fileRef = 8B1CC4DE1B4176FA009BA6BF /* Main.storyboard */; };
		8B1CC4E21B4176FA009BA6BF /* Images.xcassets in Resources */ = {isa = PBXBuildFile; fileRef = 8B1CC4E11B4176FA009BA6BF /* Images.xcassets */; };
		8B1CC4E51B4176FA009BA6BF /* LaunchScreen.xib in Resources */ = {isa = PBXBuildFile; fileRef = 8B1CC4E31B4176FA009BA6BF /* LaunchScreen.xib */; };
		8B1CC4F11B4176FB009BA6BF /* CGSLogonTests.swift in Sources */ = {isa = PBXBuildFile; fileRef = 8B1CC4F01B4176FB009BA6BF /* CGSLogonTests.swift */; };
		8B1CC4FB1B418878009BA6BF /* LoginVC.swift in Sources */ = {isa = PBXBuildFile; fileRef = 8B1CC4FA1B418878009BA6BF /* LoginVC.swift */; };
		8B1CC4FD1B4189F7009BA6BF /* SignupVC.swift in Sources */ = {isa = PBXBuildFile; fileRef = 8B1CC4FC1B4189F7009BA6BF /* SignupVC.swift */; };
		8B86CB1E1B460C740045B0AD /* DateVC.swift in Sources */ = {isa = PBXBuildFile; fileRef = 8B86CB1D1B460C740045B0AD /* DateVC.swift */; };
/* End PBXBuildFile section */

/* Begin PBXContainerItemProxy section */
		8B1CC4EB1B4176FB009BA6BF /* PBXContainerItemProxy */ = {
			isa = PBXContainerItemProxy;
			containerPortal = 8B1CC4CD1B4176FA009BA6BF /* Project object */;
			proxyType = 1;
			remoteGlobalIDString = 8B1CC4D41B4176FA009BA6BF;
			remoteInfo = CGSLogon;
		};
/* End PBXContainerItemProxy section */

/* Begin PBXFileReference section */
		8B1CC4D51B4176FA009BA6BF /* CGSLogon.app */ = {isa = PBXFileReference; explicitFileType = wrapper.application; includeInIndex = 0; path = CGSLogon.app; sourceTree = BUILT_PRODUCTS_DIR; };
		8B1CC4D91B4176FA009BA6BF /* Info.plist */ = {isa = PBXFileReference; lastKnownFileType = text.plist.xml; path = Info.plist; sourceTree = "<group>"; };
		8B1CC4DA1B4176FA009BA6BF /* AppDelegate.swift */ = {isa = PBXFileReference; lastKnownFileType = sourcecode.swift; path = AppDelegate.swift; sourceTree = "<group>"; };
		8B1CC4DC1B4176FA009BA6BF /* ViewController.swift */ = {isa = PBXFileReference; lastKnownFileType = sourcecode.swift; path = ViewController.swift; sourceTree = "<group>"; };
		8B1CC4DF1B4176FA009BA6BF /* Base */ = {isa = PBXFileReference; lastKnownFileType = file.storyboard; name = Base; path = Base.lproj/Main.storyboard; sourceTree = "<group>"; };
		8B1CC4E11B4176FA009BA6BF /* Images.xcassets */ = {isa = PBXFileReference; lastKnownFileType = folder.assetcatalog; path = Images.xcassets; sourceTree = "<group>"; };
		8B1CC4E41B4176FA009BA6BF /* Base */ = {isa = PBXFileReference; lastKnownFileType = file.xib; name = Base; path = Base.lproj/LaunchScreen.xib; sourceTree = "<group>"; };
		8B1CC4EA1B4176FB009BA6BF /* CGSLogonTests.xctest */ = {isa = PBXFileReference; explicitFileType = wrapper.cfbundle; includeInIndex = 0; path = CGSLogonTests.xctest; sourceTree = BUILT_PRODUCTS_DIR; };
		8B1CC4EF1B4176FB009BA6BF /* Info.plist */ = {isa = PBXFileReference; lastKnownFileType = text.plist.xml; path = Info.plist; sourceTree = "<group>"; };
		8B1CC4F01B4176FB009BA6BF /* CGSLogonTests.swift */ = {isa = PBXFileReference; lastKnownFileType = sourcecode.swift; path = CGSLogonTests.swift; sourceTree = "<group>"; };
		8B1CC4FA1B418878009BA6BF /* LoginVC.swift */ = {isa = PBXFileReference; fileEncoding = 4; lastKnownFileType = sourcecode.swift; path = LoginVC.swift; sourceTree = "<group>"; };
		8B1CC4FC1B4189F7009BA6BF /* SignupVC.swift */ = {isa = PBXFileReference; fileEncoding = 4; lastKnownFileType = sourcecode.swift; path = SignupVC.swift; sourceTree = "<group>"; };
		8B86CB1D1B460C740045B0AD /* DateVC.swift */ = {isa = PBXFileReference; fileEncoding = 4; lastKnownFileType = sourcecode.swift; path = DateVC.swift; sourceTree = "<group>"; };
/* End PBXFileReference section */

/* Begin PBXFrameworksBuildPhase section */
		8B1CC4D21B4176FA009BA6BF /* Frameworks */ = {
			isa = PBXFrameworksBuildPhase;
			buildActionMask = 2147483647;
			files = (
			);
			runOnlyForDeploymentPostprocessing = 0;
		};
		8B1CC4E71B4176FB009BA6BF /* Frameworks */ = {
			isa = PBXFrameworksBuildPhase;
			buildActionMask = 2147483647;
			files = (
			);
			runOnlyForDeploymentPostprocessing = 0;
		};
/* End PBXFrameworksBuildPhase section */

/* Begin PBXGroup section */
		8B1CC4CC1B4176FA009BA6BF = {
			isa = PBXGroup;
			children = (
				8B1CC4D71B4176FA009BA6BF /* CGSLogon */,
				8B1CC4ED1B4176FB009BA6BF /* CGSLogonTests */,
				8B1CC4D61B4176FA009BA6BF /* Products */,
			);
			sourceTree = "<group>";
		};
		8B1CC4D61B4176FA009BA6BF /* Products */ = {
			isa = PBXGroup;
			children = (
				8B1CC4D51B4176FA009BA6BF /* CGSLogon.app */,
				8B1CC4EA1B4176FB009BA6BF /* CGSLogonTests.xctest */,
			);
			name = Products;
			sourceTree = "<group>";
		};
		8B1CC4D71B4176FA009BA6BF /* CGSLogon */ = {
			isa = PBXGroup;
			children = (
				8B1CC4DA1B4176FA009BA6BF /* AppDelegate.swift */,
				8B1CC4DC1B4176FA009BA6BF /* ViewController.swift */,
				8B1CC4DE1B4176FA009BA6BF /* Main.storyboard */,
				8B1CC4E11B4176FA009BA6BF /* Images.xcassets */,
				8B1CC4E31B4176FA009BA6BF /* LaunchScreen.xib */,
				8B1CC4D81B4176FA009BA6BF /* Supporting Files */,
				8B1CC4FA1B418878009BA6BF /* LoginVC.swift */,
				8B1CC4FC1B4189F7009BA6BF /* SignupVC.swift */,
				8B86CB1D1B460C740045B0AD /* DateVC.swift */,
			);
			path = CGSLogon;
			sourceTree = "<group>";
		};
		8B1CC4D81B4176FA009BA6BF /* Supporting Files */ = {
			isa = PBXGroup;
			children = (
				8B1CC4D91B4176FA009BA6BF /* Info.plist */,
			);
			name = "Supporting Files";
			sourceTree = "<group>";
		};
		8B1CC4ED1B4176FB009BA6BF /* CGSLogonTests */ = {
			isa = PBXGroup;
			children = (
				8B1CC4F01B4176FB009BA6BF /* CGSLogonTests.swift */,
				8B1CC4EE1B4176FB009BA6BF /* Supporting Files */,
			);
			path = CGSLogonTests;
			sourceTree = "<group>";
		};
		8B1CC4EE1B4176FB009BA6BF /* Supporting Files */ = {
			isa = PBXGroup;
			children = (
				8B1CC4EF1B4176FB009BA6BF /* Info.plist */,
			);
			name = "Supporting Files";
			sourceTree = "<group>";
		};
/* End PBXGroup section */

/* Begin PBXNativeTarget section */
		8B1CC4D41B4176FA009BA6BF /* CGSLogon */ = {
			isa = PBXNativeTarget;
			buildConfigurationList = 8B1CC4F41B4176FB009BA6BF /* Build configuration list for PBXNativeTarget "CGSLogon" */;
			buildPhases = (
				8B1CC4D11B4176FA009BA6BF /* Sources */,
				8B1CC4D21B4176FA009BA6BF /* Frameworks */,
				8B1CC4D31B4176FA009BA6BF /* Resources */,
			);
			buildRules = (
			);
			dependencies = (
			);
			name = CGSLogon;
			productName = CGSLogon;
			productReference = 8B1CC4D51B4176FA009BA6BF /* CGSLogon.app */;
			productType = "com.apple.product-type.application";
		};
		8B1CC4E91B4176FB009BA6BF /* CGSLogonTests */ = {
			isa = PBXNativeTarget;
			buildConfigurationList = 8B1CC4F71B4176FB009BA6BF /* Build configuration list for PBXNativeTarget "CGSLogonTests" */;
			buildPhases = (
				8B1CC4E61B4176FB009BA6BF /* Sources */,
				8B1CC4E71B4176FB009BA6BF /* Frameworks */,
				8B1CC4E81B4176FB009BA6BF /* Resources */,
			);
			buildRules = (
			);
			dependencies = (
				8B1CC4EC1B4176FB009BA6BF /* PBXTargetDependency */,
			);
			name = CGSLogonTests;
			productName = CGSLogonTests;
			productReference = 8B1CC4EA1B4176FB009BA6BF /* CGSLogonTests.xctest */;
			productType = "com.apple.product-type.bundle.unit-test";
		};
/* End PBXNativeTarget section */

/* Begin PBXProject section */
		8B1CC4CD1B4176FA009BA6BF /* Project object */ = {
			isa = PBXProject;
			attributes = {
				LastUpgradeCheck = 0630;
				ORGANIZATIONNAME = "Ryan Markley";
				TargetAttributes = {
					8B1CC4D41B4176FA009BA6BF = {
						CreatedOnToolsVersion = 6.3.2;
					};
					8B1CC4E91B4176FB009BA6BF = {
						CreatedOnToolsVersion = 6.3.2;
						TestTargetID = 8B1CC4D41B4176FA009BA6BF;
					};
				};
			};
			buildConfigurationList = 8B1CC4D01B4176FA009BA6BF /* Build configuration list for PBXProject "CGSLogon" */;
			compatibilityVersion = "Xcode 3.2";
			developmentRegion = English;
			hasScannedForEncodings = 0;
			knownRegions = (
				en,
				Base,
			);
			mainGroup = 8B1CC4CC1B4176FA009BA6BF;
			productRefGroup = 8B1CC4D61B4176FA009BA6BF /* Products */;
			projectDirPath = "";
			projectRoot = "";
			targets = (
				8B1CC4D41B4176FA009BA6BF /* CGSLogon */,
				8B1CC4E91B4176FB009BA6BF /* CGSLogonTests */,
			);
		};
/* End PBXProject section */

/* Begin PBXResourcesBuildPhase section */
		8B1CC4D31B4176FA009BA6BF /* Resources */ = {
			isa = PBXResourcesBuildPhase;
			buildActionMask = 2147483647;
			files = (
				8B1CC4E01B4176FA009BA6BF /* Main.storyboard in Resources */,
				8B1CC4E51B4176FA009BA6BF /* LaunchScreen.xib in Resources */,
				8B1CC4E21B4176FA009BA6BF /* Images.xcassets in Resources */,
			);
			runOnlyForDeploymentPostprocessing = 0;
		};
		8B1CC4E81B4176FB009BA6BF /* Resources */ = {
			isa = PBXResourcesBuildPhase;
			buildActionMask = 2147483647;
			files = (
			);
			runOnlyForDeploymentPostprocessing = 0;
		};
/* End PBXResourcesBuildPhase section */

/* Begin PBXSourcesBuildPhase section */
		8B1CC4D11B4176FA009BA6BF /* Sources */ = {
			isa = PBXSourcesBuildPhase;
			buildActionMask = 2147483647;
			files = (
				8B1CC4FD1B4189F7009BA6BF /* SignupVC.swift in Sources */,
				8B1CC4DD1B4176FA009BA6BF /* ViewController.swift in Sources */,
				8B86CB1E1B460C740045B0AD /* DateVC.swift in Sources */,
				8B1CC4DB1B4176FA009BA6BF /* AppDelegate.swift in Sources */,
				8B1CC4FB1B418878009BA6BF /* LoginVC.swift in Sources */,
			);
			runOnlyForDeploymentPostprocessing = 0;
		};
		8B1CC4E61B4176FB009BA6BF /* Sources */ = {
			isa = PBXSourcesBuildPhase;
			buildActionMask = 2147483647;
			files = (
				8B1CC4F11B4176FB009BA6BF /* CGSLogonTests.swift in Sources */,
			);
			runOnlyForDeploymentPostprocessing = 0;
		};
/* End PBXSourcesBuildPhase section */

/* Begin PBXTargetDependency section */
		8B1CC4EC1B4176FB009BA6BF /* PBXTargetDependency */ = {
			isa = PBXTargetDependency;
			target = 8B1CC4D41B4176FA009BA6BF /* CGSLogon */;
			targetProxy = 8B1CC4EB1B4176FB009BA6BF /* PBXContainerItemProxy */;
		};
/* End PBXTargetDependency section */

/* Begin PBXVariantGroup section */
		8B1CC4DE1B4176FA009BA6BF /* Main.storyboard */ = {
			isa = PBXVariantGroup;
			children = (
				8B1CC4DF1B4176FA009BA6BF /* Base */,
			);
			name = Main.storyboard;
			sourceTree = "<group>";
		};
		8B1CC4E31B4176FA009BA6BF /* LaunchScreen.xib */ = {
			isa = PBXVariantGroup;
			children = (
				8B1CC4E41B4176FA009BA6BF /* Base */,
			);
			name = LaunchScreen.xib;
			sourceTree = "<group>";
		};
/* End PBXVariantGroup section */

/* Begin XCBuildConfiguration section */
		8B1CC4F21B4176FB009BA6BF /* Debug */ = {
			isa = XCBuildConfiguration;
			buildSettings = {
				ALWAYS_SEARCH_USER_PATHS = NO;
				CLANG_CXX_LANGUAGE_STANDARD = "gnu++0x";
				CLANG_CXX_LIBRARY = "libc++";
				CLANG_ENABLE_MODULES = YES;
				CLANG_ENABLE_OBJC_ARC = YES;
				CLANG_WARN_BOOL_CONVERSION = YES;
				CLANG_WARN_CONSTANT_CONVERSION = YES;
				CLANG_WARN_DIRECT_OBJC_ISA_USAGE = YES_ERROR;
				CLANG_WARN_EMPTY_BODY = YES;
				CLANG_WARN_ENUM_CONVERSION = YES;
				CLANG_WARN_INT_CONVERSION = YES;
				CLANG_WARN_OBJC_ROOT_CLASS = YES_ERROR;
				CLANG_WARN_UNREACHABLE_CODE = YES;
				CLANG_WARN__DUPLICATE_METHOD_MATCH = YES;
				"CODE_SIGN_IDENTITY[sdk=iphoneos*]" = "iPhone Developer";
				COPY_PHASE_STRIP = NO;
				DEBUG_INFORMATION_FORMAT = "dwarf-with-dsym";
				ENABLE_STRICT_OBJC_MSGSEND = YES;
				GCC_C_LANGUAGE_STANDARD = gnu99;
				GCC_DYNAMIC_NO_PIC = NO;
				GCC_NO_COMMON_BLOCKS = YES;
				GCC_OPTIMIZATION_LEVEL = 0;
				GCC_PREPROCESSOR_DEFINITIONS = (
					"DEBUG=1",
					"$(inherited)",
				);
				GCC_SYMBOLS_PRIVATE_EXTERN = NO;
				GCC_WARN_64_TO_32_BIT_CONVERSION = YES;
				GCC_WARN_ABOUT_RETURN_TYPE = YES_ERROR;
				GCC_WARN_UNDECLARED_SELECTOR = YES;
				GCC_WARN_UNINITIALIZED_AUTOS = YES_AGGRESSIVE;
				GCC_WARN_UNUSED_FUNCTION = YES;
				GCC_WARN_UNUSED_VARIABLE = YES;
				IPHONEOS_DEPLOYMENT_TARGET = 8.3;
				MTL_ENABLE_DEBUG_INFO = YES;
				ONLY_ACTIVE_ARCH = YES;
				SDKROOT = iphoneos;
				SWIFT_OPTIMIZATION_LEVEL = "-Onone";
			};
			name = Debug;
		};
		8B1CC4F31B4176FB009BA6BF /* Release */ = {
			isa = XCBuildConfiguration;
			buildSettings = {
				ALWAYS_SEARCH_USER_PATHS = NO;
				CLANG_CXX_LANGUAGE_STANDARD = "gnu++0x";
				CLANG_CXX_LIBRARY = "libc++";
				CLANG_ENABLE_MODULES = YES;
				CLANG_ENABLE_OBJC_ARC = YES;
				CLANG_WARN_BOOL_CONVERSION = YES;
				CLANG_WARN_CONSTANT_CONVERSION = YES;
				CLANG_WARN_DIRECT_OBJC_ISA_USAGE = YES_ERROR;
				CLANG_WARN_EMPTY_BODY = YES;
				CLANG_WARN_ENUM_CONVERSION = YES;
				CLANG_WARN_INT_CONVERSION = YES;
				CLANG_WARN_OBJC_ROOT_CLASS = YES_ERROR;
				CLANG_WARN_UNREACHABLE_CODE = YES;
				CLANG_WARN__DUPLICATE_METHOD_MATCH = YES;
				"CODE_SIGN_IDENTITY[sdk=iphoneos*]" = "iPhone Developer";
				COPY_PHASE_STRIP = NO;
				DEBUG_INFORMATION_FORMAT = "dwarf-with-dsym";
				ENABLE_NS_ASSERTIONS = NO;
				ENABLE_STRICT_OBJC_MSGSEND = YES;
				GCC_C_LANGUAGE_STANDARD = gnu99;
				GCC_NO_COMMON_BLOCKS = YES;
				GCC_WARN_64_TO_32_BIT_CONVERSION = YES;
				GCC_WARN_ABOUT_RETURN_TYPE = YES_ERROR;
				GCC_WARN_UNDECLARED_SELECTOR = YES;
				GCC_WARN_UNINITIALIZED_AUTOS = YES_AGGRESSIVE;
				GCC_WARN_UNUSED_FUNCTION = YES;
				GCC_WARN_UNUSED_VARIABLE = YES;
				IPHONEOS_DEPLOYMENT_TARGET = 8.3;
				MTL_ENABLE_DEBUG_INFO = NO;
				SDKROOT = iphoneos;
				VALIDATE_PRODUCT = YES;
			};
			name = Release;
		};
		8B1CC4F51B4176FB009BA6BF /* Debug */ = {
			isa = XCBuildConfiguration;
			buildSettings = {
				ASSETCATALOG_COMPILER_APPICON_NAME = AppIcon;
				INFOPLIST_FILE = CGSLogon/Info.plist;
				LD_RUNPATH_SEARCH_PATHS = "$(inherited) @executable_path/Frameworks";
				PRODUCT_NAME = "$(TARGET_NAME)";
			};
			name = Debug;
		};
		8B1CC4F61B4176FB009BA6BF /* Release */ = {
			isa = XCBuildConfiguration;
			buildSettings = {
				ASSETCATALOG_COMPILER_APPICON_NAME = AppIcon;
				INFOPLIST_FILE = CGSLogon/Info.plist;
				LD_RUNPATH_SEARCH_PATHS = "$(inherited) @executable_path/Frameworks";
				PRODUCT_NAME = "$(TARGET_NAME)";
			};
			name = Release;
		};
		8B1CC4F81B4176FB009BA6BF /* Debug */ = {
			isa = XCBuildConfiguration;
			buildSettings = {
				BUNDLE_LOADER = "$(TEST_HOST)";
				FRAMEWORK_SEARCH_PATHS = (
					"$(SDKROOT)/Developer/Library/Frameworks",
					"$(inherited)",
				);
				GCC_PREPROCESSOR_DEFINITIONS = (
					"DEBUG=1",
					"$(inherited)",
				);
				INFOPLIST_FILE = CGSLogonTests/Info.plist;
				LD_RUNPATH_SEARCH_PATHS = "$(inherited) @executable_path/Frameworks @loader_path/Frameworks";
				PRODUCT_NAME = "$(TARGET_NAME)";
				TEST_HOST = "$(BUILT_PRODUCTS_DIR)/CGSLogon.app/CGSLogon";
			};
			name = Debug;
		};
		8B1CC4F91B4176FB009BA6BF /* Release */ = {
			isa = XCBuildConfiguration;
			buildSettings = {
				BUNDLE_LOADER = "$(TEST_HOST)";
				FRAMEWORK_SEARCH_PATHS = (
					"$(SDKROOT)/Developer/Library/Frameworks",
					"$(inherited)",
				);
				INFOPLIST_FILE = CGSLogonTests/Info.plist;
				LD_RUNPATH_SEARCH_PATHS = "$(inherited) @executable_path/Frameworks @loader_path/Frameworks";
				PRODUCT_NAME = "$(TARGET_NAME)";
				TEST_HOST = "$(BUILT_PRODUCTS_DIR)/CGSLogon.app/CGSLogon";
			};
			name = Release;
		};
/* End XCBuildConfiguration section */

/* Begin XCConfigurationList section */
		8B1CC4D01B4176FA009BA6BF /* Build configuration list for PBXProject "CGSLogon" */ = {
			isa = XCConfigurationList;
			buildConfigurations = (
				8B1CC4F21B4176FB009BA6BF /* Debug */,
				8B1CC4F31B4176FB009BA6BF /* Release */,
			);
			defaultConfigurationIsVisible = 0;
			defaultConfigurationName = Release;
		};
		8B1CC4F41B4176FB009BA6BF /* Build configuration list for PBXNativeTarget "CGSLogon" */ = {
			isa = XCConfigurationList;
			buildConfigurations = (
				8B1CC4F51B4176FB009BA6BF /* Debug */,
				8B1CC4F61B4176FB009BA6BF /* Release */,
			);
			defaultConfigurationIsVisible = 0;
			defaultConfigurationName = Release;
		};
		8B1CC4F71B4176FB009BA6BF /* Build configuration list for PBXNativeTarget "CGSLogonTests" */ = {
			isa = XCConfigurationList;
			buildConfigurations = (
				8B1CC4F81B4176FB009BA6BF /* Debug */,
				8B1CC4F91B4176FB009BA6BF /* Release */,
			);
			defaultConfigurationIsVisible = 0;
			defaultConfigurationName = Release;
		};
/* End XCConfigurationList section */
	};
	rootObject = 8B1CC4CD1B4176FA009BA6BF /* Project object */;
}
